# THIS IS AN AUTOGENERATED FILE. DO NOT EDIT THIS FILE DIRECTLY.
# yarn lockfile v1


async-limiter@~1.0.0:
  version "1.0.0"
  resolved "https://registry.yarnpkg.com/async-limiter/-/async-limiter-1.0.0.tgz#78faed8c3d074ab81f22b4e985d79e8738f720f8"

child_process@^1.0.2:
  version "1.0.2"
  resolved "https://registry.yarnpkg.com/child_process/-/child_process-1.0.2.tgz#b1f7e7fc73d25e7fd1d455adc94e143830182b5a"

connected-domain@^1.0.0:
  version "1.0.0"
  resolved "https://registry.yarnpkg.com/connected-domain/-/connected-domain-1.0.0.tgz#bfe77238c74be453a79f0cb6058deeb4f2358e93"

debug@^4.1.0:
  version "4.1.0"
  resolved "https://registry.yarnpkg.com/debug/-/debug-4.1.0.tgz#373687bffa678b38b1cd91f861b63850035ddc87"
  dependencies:
    ms "^2.1.1"

es6-error@^3.0.1:
  version "3.2.0"
  resolved "https://registry.yarnpkg.com/es6-error/-/es6-error-3.2.0.tgz#e567cfdcb324d4e7ae5922a3700ada5de879a0ca"

events@^3.0.0:
  version "3.0.0"
  resolved "https://registry.yarnpkg.com/events/-/events-3.0.0.tgz#9a0a0dfaf62893d92b875b8f2698ca4114973e88"

fifo-js@^2.1.0:
  version "2.1.0"
  resolved "https://registry.yarnpkg.com/fifo-js/-/fifo-js-2.1.0.tgz#88405f21dea067362558189e7a07655dc0fe14be"
  dependencies:
    es6-error "^3.0.1"

fs@^0.0.1-security:
  version "0.0.1-security"
  resolved "https://registry.yarnpkg.com/fs/-/fs-0.0.1-security.tgz#8a7bd37186b6dddf3813f23858b57ecaaf5e41d4"

http@^0.0.0:
  version "0.0.0"
  resolved "https://registry.yarnpkg.com/http/-/http-0.0.0.tgz#86e6326d29c5d039de9fac584a45689f929f4f72"

inherits@2.0.3:
  version "2.0.3"
  resolved "https://registry.yarnpkg.com/inherits/-/inherits-2.0.3.tgz#633c2c83e3da42a502f52466022480f4208261de"

ms@^2.1.1:
  version "2.1.1"
  resolved "https://registry.yarnpkg.com/ms/-/ms-2.1.1.tgz#30a5864eb3ebb0a66f2ebe6d727af06a09d86e0a"

path@^0.12.7:
  version "0.12.7"
  resolved "https://registry.yarnpkg.com/path/-/path-0.12.7.tgz#d4dc2a506c4ce2197eb481ebfcd5b36c0140b10f"
  dependencies:
    process "^0.11.1"
    util "^0.10.3"

process@^0.11.1:
  version "0.11.10"
  resolved "https://registry.yarnpkg.com/process/-/process-0.11.10.tgz#7332300e840161bda3e69a1d1d91a7d4bc16f182"

ps-node@^0.1.6:
  version "0.1.6"
  resolved "https://registry.yarnpkg.com/ps-node/-/ps-node-0.1.6.tgz#9af67a99d7b1d0132e51a503099d38a8d2ace2c3"
  dependencies:
    table-parser "^0.1.3"

punycode@1.3.2:
  version "1.3.2"
  resolved "https://registry.yarnpkg.com/punycode/-/punycode-1.3.2.tgz#9653a036fb7c1ee42342f2325cceefea3926c48d"

querystring@0.2.0:
  version "0.2.0"
  resolved "https://registry.yarnpkg.com/querystring/-/querystring-0.2.0.tgz#b209849203bb25df820da756e747005878521620"

table-parser@^0.1.3:
  version "0.1.3"
  resolved "https://registry.yarnpkg.com/table-parser/-/table-parser-0.1.3.tgz#0441cfce16a59481684c27d1b5a67ff15a43c7b0"
  dependencies:
    connected-domain "^1.0.0"

url@^0.11.0:
  version "0.11.0"
  resolved "https://registry.yarnpkg.com/url/-/url-0.11.0.tgz#3838e97cfc60521eb73c525a8e55bfdd9e2e28f1"
  dependencies:
    punycode "1.3.2"
    querystring "0.2.0"

util@^0.10.3:
  version "0.10.4"
  resolved "https://registry.yarnpkg.com/util/-/util-0.10.4.tgz#3aa0125bfe668a4672de58857d3ace27ecb76901"
  dependencies:
    inherits "2.0.3"

ws@^6.1.0:
  version "6.1.0"
  resolved "https://registry.yarnpkg.com/ws/-/ws-6.1.0.tgz#119a9dbf92c54e190ec18d10e871d55c95cf9373"
  dependencies:
    async-limiter "~1.0.0"
